
Microsoft Visual Studio Solution File, Format Version 12.00
# Visual Studio Version 16
VisualStudioVersion = 16.0.31624.102
MinimumVisualStudioVersion = 10.0.40219.1
Project("{FAE04EC0-301F-11D3-BF4B-00C04F79EFBC}") = "Labb 5 Generic class", "Labb 5 Generic class\Labb 5 Generic class.csproj", "{3164D471-E14E-4F60-BFFA-C5DD018A2A90}"
EndProject
Global
	GlobalSection(SolutionConfigurationPlatforms) = preSolution
		Debug|Any CPU = Debug|Any CPU
		Release|Any CPU = Release|Any CPU
	EndGlobalSection
	GlobalSection(ProjectConfigurationPlatforms) = postSolution
		{3164D471-E14E-4F60-BFFA-C5DD018A2A90}.Debug|Any CPU.ActiveCfg = Debug|Any CPU
		{3164D471-E14E-4F60-BFFA-C5DD018A2A90}.Debug|Any CPU.Build.0 = Debug|Any CPU
		{3164D471-E14E-4F60-BFFA-C5DD018A2A90}.Release|Any CPU.ActiveCfg = Release|Any CPU
		{3164D471-E14E-4F60-BFFA-C5DD018A2A90}.Release|Any CPU.Build.0 = Release|Any CPU
	EndGlobalSection
	GlobalSection(SolutionProperties) = preSolution
		HideSolutionNode = FALSE
	EndGlobalSection
	GlobalSection(ExtensibilityGlobals) = postSolution
		SolutionGuid = {E7CC29D6-264F-408F-AD61-D9417B6C3C59}
	EndGlobalSection
EndGlobal
